
Microsoft Visual Studio Solution File, Format Version 12.00
# Visual Studio 15
VisualStudioVersion = 15.0.28307.168
MinimumVisualStudioVersion = 10.0.40219.1
Project("{2150E333-8FDC-42A3-9474-1A3956D46DE8}") = "1 - ChatRoom Api", "1 - ChatRoom Api", "{8622170D-FF1B-41CF-8204-18C5A3A950F9}"
EndProject
Project("{2150E333-8FDC-42A3-9474-1A3956D46DE8}") = "2 - Workers", "2 - Workers", "{5146E916-81C8-404C-9F4C-17F164557E59}"
EndProject
Project("{2150E333-8FDC-42A3-9474-1A3956D46DE8}") = "1.1 Data", "1.1 Data", "{0FC76E39-8E39-423E-834F-2BB9845C15EE}"
EndProject
Project("{2150E333-8FDC-42A3-9474-1A3956D46DE8}") = "1.2 Business", "1.2 Business", "{A8A5BDC7-E11F-40C3-B38C-E3B2C5FB9163}"
EndProject
Project("{2150E333-8FDC-42A3-9474-1A3956D46DE8}") = "1.3 Api", "1.3 Api", "{1761876C-6868-4399-B7CB-822D55D3FEC1}"
EndProject
Project("{FAE04EC0-301F-11D3-BF4B-00C04F79EFBC}") = "ChatRoom.DataAccess", "ChatRoom.DataAccess\ChatRoom.DataAccess.csproj", "{DE6AC04E-2CC9-4C49-BDD2-053ED778AF62}"
EndProject
Project("{FAE04EC0-301F-11D3-BF4B-00C04F79EFBC}") = "ChatRoom.DataAccess.Dtos", "ChatRoom.DataAccess.Dtos\ChatRoom.DataAccess.Dtos.csproj", "{37FCFF6B-17D3-48C3-8D0A-C01FDAA214FB}"
EndProject
Project("{FAE04EC0-301F-11D3-BF4B-00C04F79EFBC}") = "ChatRoom.DataAccess.Interfaces", "ChatRoom.DataAccess.Interfaces\ChatRoom.DataAccess.Interfaces.csproj", "{DB25FD43-E597-4841-8FC4-6ADEE0F5247C}"
EndProject
Project("{FAE04EC0-301F-11D3-BF4B-00C04F79EFBC}") = "ChatRoom.Business", "ChatRoom.Business\ChatRoom.Business.csproj", "{62EB88B1-FBDB-407C-8EA8-73A40876E0F5}"
EndProject
Project("{FAE04EC0-301F-11D3-BF4B-00C04F79EFBC}") = "ChatRoom.Business.Entities", "ChatRoom.Business.Entities\ChatRoom.Business.Entities.csproj", "{329BECFF-2CBD-4E3A-AEBC-B194AE16068C}"
EndProject
Project("{FAE04EC0-301F-11D3-BF4B-00C04F79EFBC}") = "ChatRoom.Business.Interfaces", "ChatRoom.Business.Interfaces\ChatRoom.Business.Interfaces.csproj", "{94DF27DF-D929-4864-8FD8-58144913DBB1}"
EndProject
Project("{2150E333-8FDC-42A3-9474-1A3956D46DE8}") = "3 - Core Insfrastucture", "3 - Core Insfrastucture", "{207BD121-BC5D-480E-AF97-2DC19BEB091D}"
EndProject
Project("{2150E333-8FDC-42A3-9474-1A3956D46DE8}") = "4 - Common", "4 - Common", "{171A4E06-53AC-475D-9CD4-61225F641935}"
EndProject
Project("{2150E333-8FDC-42A3-9474-1A3956D46DE8}") = "3.1 Insfrastucture", "3.1 Insfrastucture", "{9081DE4B-E848-41FE-A46D-AD43F83E2215}"
EndProject
Project("{FAE04EC0-301F-11D3-BF4B-00C04F79EFBC}") = "ChatRoom.Insfrastucture.Interfaces", "ChatRoom.Insfrastucture.Interfaces\ChatRoom.Insfrastucture.Interfaces.csproj", "{AE1B3A35-AFFF-498E-8019-5449F641B6C0}"
EndProject
Project("{FAE04EC0-301F-11D3-BF4B-00C04F79EFBC}") = "ChatRoom.Api", "ChatRoom.Api\ChatRoom.Api.csproj", "{1B3F2774-1D0E-4504-A0E2-C173B8721F34}"
EndProject
Project("{FAE04EC0-301F-11D3-BF4B-00C04F79EFBC}") = "ChatRoom.Api.Models", "ChatRoom.Api.Models\ChatRoom.Api.Models.csproj", "{1A124092-2049-435D-ADC0-69C8067C12CF}"
EndProject
Project("{FAE04EC0-301F-11D3-BF4B-00C04F79EFBC}") = "ChatRoom.Insfrastucture", "ChatRoom.Insfrastucture\ChatRoom.Insfrastucture.csproj", "{E28A725E-D108-4580-8DB8-C2EBE2AAC2C4}"
EndProject
Project("{2150E333-8FDC-42A3-9474-1A3956D46DE8}") = "3.2 Injector", "3.2 Injector", "{2B10DB04-3356-4CD2-A5FD-E204D328A08E}"
EndProject
Project("{FAE04EC0-301F-11D3-BF4B-00C04F79EFBC}") = "ChatRoom.Injector", "ChatRoom.Injector\ChatRoom.Injector.csproj", "{CEC0E356-E978-4674-901A-9184F1A91A1C}"
EndProject
Project("{2150E333-8FDC-42A3-9474-1A3956D46DE8}") = "1.4 Message Broker Sender", "1.4 Message Broker Sender", "{C26E67CA-2C1B-4BEF-BFDB-2C34CFFB134F}"
EndProject
Project("{FAE04EC0-301F-11D3-BF4B-00C04F79EFBC}") = "ChatRoom.MessageBroker.Interfaces", "ChatRoom.MessageBroker.Interfaces\ChatRoom.MessageBroker.Interfaces.csproj", "{6F794030-A09E-4557-9AAB-2D501D8BAC4A}"
EndProject
Project("{FAE04EC0-301F-11D3-BF4B-00C04F79EFBC}") = "ChatRoom.MessageBroker", "ChatRoom.MessageBroker\ChatRoom.MessageBroker.csproj", "{B2E0CBF0-3555-41E8-B0B6-1D77CE2E96E8}"
EndProject
Project("{FAE04EC0-301F-11D3-BF4B-00C04F79EFBC}") = "ChatRoom.Common", "ChatRoom.Common\ChatRoom.Common.csproj", "{7347956F-313B-46EB-BB64-E9F3EC9A76F8}"
EndProject
Project("{FAE04EC0-301F-11D3-BF4B-00C04F79EFBC}") = "ChatRoom.MessageBroker.Consumer", "ChatRoom.MessageBroker.Consumer\ChatRoom.MessageBroker.Consumer.csproj", "{CE2E85A0-6D98-476B-B1E6-19F627BB4636}"
EndProject
Project("{FAE04EC0-301F-11D3-BF4B-00C04F79EFBC}") = "ChatRoom.MessageBroker.Processor", "ChatRoom.MessageBroker.Processor\ChatRoom.MessageBroker.Processor.csproj", "{0FD2B639-BD1E-41EB-A505-F237303FF068}"
EndProject
Project("{FAE04EC0-301F-11D3-BF4B-00C04F79EFBC}") = "ChatRoom.MessageBroker.Processor.Interfaces", "ChatRoom.MessageBroker.Processor.Interfaces\ChatRoom.MessageBroker.Processor.Interfaces.csproj", "{5DA4A8C4-4FEB-4804-B69D-E9E6FCC447D9}"
EndProject
Project("{2150E333-8FDC-42A3-9474-1A3956D46DE8}") = "1.1.1 Tests", "1.1.1 Tests", "{49B60933-7F5A-440F-925A-B766490BC16A}"
EndProject
Project("{FAE04EC0-301F-11D3-BF4B-00C04F79EFBC}") = "ChatRoom.DataAccess.UnitTests", "ChatRoom.DataAccess.UnitTests\ChatRoom.DataAccess.UnitTests.csproj", "{57F257F4-330C-42F1-BAC1-40D9C052F69B}"
EndProject
Project("{2150E333-8FDC-42A3-9474-1A3956D46DE8}") = "1.4.1 Tests", "1.4.1 Tests", "{CED92AE3-7C0E-47DA-8D39-8C565F6741E4}"
EndProject
Project("{FAE04EC0-301F-11D3-BF4B-00C04F79EFBC}") = "ChatRoom.MessageBroker.UnitTests", "ChatRoom.MessageBroker.UnitTests\ChatRoom.MessageBroker.UnitTests.csproj", "{38382FC0-4B35-439F-B5F8-7A2803DBF2E4}"
EndProject
Project("{2150E333-8FDC-42A3-9474-1A3956D46DE8}") = "1.3.1 Tests", "1.3.1 Tests", "{23DBCB78-A307-4123-97D4-35C972BC069A}"
EndProject
Project("{FAE04EC0-301F-11D3-BF4B-00C04F79EFBC}") = "ChatRoom.Api.UnitTests", "ChatRoom.Api.UnitTests\ChatRoom.Api.UnitTests.csproj", "{25A2B802-F38A-4828-8D7D-40E459FB79C1}"
EndProject
Global
	GlobalSection(SolutionConfigurationPlatforms) = preSolution
		Debug|Any CPU = Debug|Any CPU
		Release|Any CPU = Release|Any CPU
	EndGlobalSection
	GlobalSection(ProjectConfigurationPlatforms) = postSolution
		{DE6AC04E-2CC9-4C49-BDD2-053ED778AF62}.Debug|Any CPU.ActiveCfg = Debug|Any CPU
		{DE6AC04E-2CC9-4C49-BDD2-053ED778AF62}.Debug|Any CPU.Build.0 = Debug|Any CPU
		{DE6AC04E-2CC9-4C49-BDD2-053ED778AF62}.Release|Any CPU.ActiveCfg = Release|Any CPU
		{DE6AC04E-2CC9-4C49-BDD2-053ED778AF62}.Release|Any CPU.Build.0 = Release|Any CPU
		{37FCFF6B-17D3-48C3-8D0A-C01FDAA214FB}.Debug|Any CPU.ActiveCfg = Debug|Any CPU
		{37FCFF6B-17D3-48C3-8D0A-C01FDAA214FB}.Debug|Any CPU.Build.0 = Debug|Any CPU
		{37FCFF6B-17D3-48C3-8D0A-C01FDAA214FB}.Release|Any CPU.ActiveCfg = Release|Any CPU
		{37FCFF6B-17D3-48C3-8D0A-C01FDAA214FB}.Release|Any CPU.Build.0 = Release|Any CPU
		{DB25FD43-E597-4841-8FC4-6ADEE0F5247C}.Debug|Any CPU.ActiveCfg = Debug|Any CPU
		{DB25FD43-E597-4841-8FC4-6ADEE0F5247C}.Debug|Any CPU.Build.0 = Debug|Any CPU
		{DB25FD43-E597-4841-8FC4-6ADEE0F5247C}.Release|Any CPU.ActiveCfg = Release|Any CPU
		{DB25FD43-E597-4841-8FC4-6ADEE0F5247C}.Release|Any CPU.Build.0 = Release|Any CPU
		{62EB88B1-FBDB-407C-8EA8-73A40876E0F5}.Debug|Any CPU.ActiveCfg = Debug|Any CPU
		{62EB88B1-FBDB-407C-8EA8-73A40876E0F5}.Debug|Any CPU.Build.0 = Debug|Any CPU
		{62EB88B1-FBDB-407C-8EA8-73A40876E0F5}.Release|Any CPU.ActiveCfg = Release|Any CPU
		{62EB88B1-FBDB-407C-8EA8-73A40876E0F5}.Release|Any CPU.Build.0 = Release|Any CPU
		{329BECFF-2CBD-4E3A-AEBC-B194AE16068C}.Debug|Any CPU.ActiveCfg = Debug|Any CPU
		{329BECFF-2CBD-4E3A-AEBC-B194AE16068C}.Debug|Any CPU.Build.0 = Debug|Any CPU
		{329BECFF-2CBD-4E3A-AEBC-B194AE16068C}.Release|Any CPU.ActiveCfg = Release|Any CPU
		{329BECFF-2CBD-4E3A-AEBC-B194AE16068C}.Release|Any CPU.Build.0 = Release|Any CPU
		{94DF27DF-D929-4864-8FD8-58144913DBB1}.Debug|Any CPU.ActiveCfg = Debug|Any CPU
		{94DF27DF-D929-4864-8FD8-58144913DBB1}.Debug|Any CPU.Build.0 = Debug|Any CPU
		{94DF27DF-D929-4864-8FD8-58144913DBB1}.Release|Any CPU.ActiveCfg = Release|Any CPU
		{94DF27DF-D929-4864-8FD8-58144913DBB1}.Release|Any CPU.Build.0 = Release|Any CPU
		{AE1B3A35-AFFF-498E-8019-5449F641B6C0}.Debug|Any CPU.ActiveCfg = Debug|Any CPU
		{AE1B3A35-AFFF-498E-8019-5449F641B6C0}.Debug|Any CPU.Build.0 = Debug|Any CPU
		{AE1B3A35-AFFF-498E-8019-5449F641B6C0}.Release|Any CPU.ActiveCfg = Release|Any CPU
		{AE1B3A35-AFFF-498E-8019-5449F641B6C0}.Release|Any CPU.Build.0 = Release|Any CPU
		{1B3F2774-1D0E-4504-A0E2-C173B8721F34}.Debug|Any CPU.ActiveCfg = Debug|Any CPU
		{1B3F2774-1D0E-4504-A0E2-C173B8721F34}.Debug|Any CPU.Build.0 = Debug|Any CPU
		{1B3F2774-1D0E-4504-A0E2-C173B8721F34}.Release|Any CPU.ActiveCfg = Release|Any CPU
		{1B3F2774-1D0E-4504-A0E2-C173B8721F34}.Release|Any CPU.Build.0 = Release|Any CPU
		{1A124092-2049-435D-ADC0-69C8067C12CF}.Debug|Any CPU.ActiveCfg = Debug|Any CPU
		{1A124092-2049-435D-ADC0-69C8067C12CF}.Debug|Any CPU.Build.0 = Debug|Any CPU
		{1A124092-2049-435D-ADC0-69C8067C12CF}.Release|Any CPU.ActiveCfg = Release|Any CPU
		{1A124092-2049-435D-ADC0-69C8067C12CF}.Release|Any CPU.Build.0 = Release|Any CPU
		{E28A725E-D108-4580-8DB8-C2EBE2AAC2C4}.Debug|Any CPU.ActiveCfg = Debug|Any CPU
		{E28A725E-D108-4580-8DB8-C2EBE2AAC2C4}.Debug|Any CPU.Build.0 = Debug|Any CPU
		{E28A725E-D108-4580-8DB8-C2EBE2AAC2C4}.Release|Any CPU.ActiveCfg = Release|Any CPU
		{E28A725E-D108-4580-8DB8-C2EBE2AAC2C4}.Release|Any CPU.Build.0 = Release|Any CPU
		{CEC0E356-E978-4674-901A-9184F1A91A1C}.Debug|Any CPU.ActiveCfg = Debug|Any CPU
		{CEC0E356-E978-4674-901A-9184F1A91A1C}.Debug|Any CPU.Build.0 = Debug|Any CPU
		{CEC0E356-E978-4674-901A-9184F1A91A1C}.Release|Any CPU.ActiveCfg = Release|Any CPU
		{CEC0E356-E978-4674-901A-9184F1A91A1C}.Release|Any CPU.Build.0 = Release|Any CPU
		{6F794030-A09E-4557-9AAB-2D501D8BAC4A}.Debug|Any CPU.ActiveCfg = Debug|Any CPU
		{6F794030-A09E-4557-9AAB-2D501D8BAC4A}.Debug|Any CPU.Build.0 = Debug|Any CPU
		{6F794030-A09E-4557-9AAB-2D501D8BAC4A}.Release|Any CPU.ActiveCfg = Release|Any CPU
		{6F794030-A09E-4557-9AAB-2D501D8BAC4A}.Release|Any CPU.Build.0 = Release|Any CPU
		{B2E0CBF0-3555-41E8-B0B6-1D77CE2E96E8}.Debug|Any CPU.ActiveCfg = Debug|Any CPU
		{B2E0CBF0-3555-41E8-B0B6-1D77CE2E96E8}.Debug|Any CPU.Build.0 = Debug|Any CPU
		{B2E0CBF0-3555-41E8-B0B6-1D77CE2E96E8}.Release|Any CPU.ActiveCfg = Release|Any CPU
		{B2E0CBF0-3555-41E8-B0B6-1D77CE2E96E8}.Release|Any CPU.Build.0 = Release|Any CPU
		{7347956F-313B-46EB-BB64-E9F3EC9A76F8}.Debug|Any CPU.ActiveCfg = Debug|Any CPU
		{7347956F-313B-46EB-BB64-E9F3EC9A76F8}.Debug|Any CPU.Build.0 = Debug|Any CPU
		{7347956F-313B-46EB-BB64-E9F3EC9A76F8}.Release|Any CPU.ActiveCfg = Release|Any CPU
		{7347956F-313B-46EB-BB64-E9F3EC9A76F8}.Release|Any CPU.Build.0 = Release|Any CPU
		{CE2E85A0-6D98-476B-B1E6-19F627BB4636}.Debug|Any CPU.ActiveCfg = Debug|Any CPU
		{CE2E85A0-6D98-476B-B1E6-19F627BB4636}.Debug|Any CPU.Build.0 = Debug|Any CPU
		{CE2E85A0-6D98-476B-B1E6-19F627BB4636}.Release|Any CPU.ActiveCfg = Release|Any CPU
		{CE2E85A0-6D98-476B-B1E6-19F627BB4636}.Release|Any CPU.Build.0 = Release|Any CPU
		{0FD2B639-BD1E-41EB-A505-F237303FF068}.Debug|Any CPU.ActiveCfg = Debug|Any CPU
		{0FD2B639-BD1E-41EB-A505-F237303FF068}.Debug|Any CPU.Build.0 = Debug|Any CPU
		{0FD2B639-BD1E-41EB-A505-F237303FF068}.Release|Any CPU.ActiveCfg = Release|Any CPU
		{0FD2B639-BD1E-41EB-A505-F237303FF068}.Release|Any CPU.Build.0 = Release|Any CPU
		{5DA4A8C4-4FEB-4804-B69D-E9E6FCC447D9}.Debug|Any CPU.ActiveCfg = Debug|Any CPU
		{5DA4A8C4-4FEB-4804-B69D-E9E6FCC447D9}.Debug|Any CPU.Build.0 = Debug|Any CPU
		{5DA4A8C4-4FEB-4804-B69D-E9E6FCC447D9}.Release|Any CPU.ActiveCfg = Release|Any CPU
		{5DA4A8C4-4FEB-4804-B69D-E9E6FCC447D9}.Release|Any CPU.Build.0 = Release|Any CPU
		{57F257F4-330C-42F1-BAC1-40D9C052F69B}.Debug|Any CPU.ActiveCfg = Debug|Any CPU
		{57F257F4-330C-42F1-BAC1-40D9C052F69B}.Debug|Any CPU.Build.0 = Debug|Any CPU
		{57F257F4-330C-42F1-BAC1-40D9C052F69B}.Release|Any CPU.ActiveCfg = Release|Any CPU
		{57F257F4-330C-42F1-BAC1-40D9C052F69B}.Release|Any CPU.Build.0 = Release|Any CPU
		{38382FC0-4B35-439F-B5F8-7A2803DBF2E4}.Debug|Any CPU.ActiveCfg = Debug|Any CPU
		{38382FC0-4B35-439F-B5F8-7A2803DBF2E4}.Debug|Any CPU.Build.0 = Debug|Any CPU
		{38382FC0-4B35-439F-B5F8-7A2803DBF2E4}.Release|Any CPU.ActiveCfg = Release|Any CPU
		{38382FC0-4B35-439F-B5F8-7A2803DBF2E4}.Release|Any CPU.Build.0 = Release|Any CPU
		{25A2B802-F38A-4828-8D7D-40E459FB79C1}.Debug|Any CPU.ActiveCfg = Debug|Any CPU
		{25A2B802-F38A-4828-8D7D-40E459FB79C1}.Debug|Any CPU.Build.0 = Debug|Any CPU
		{25A2B802-F38A-4828-8D7D-40E459FB79C1}.Release|Any CPU.ActiveCfg = Release|Any CPU
		{25A2B802-F38A-4828-8D7D-40E459FB79C1}.Release|Any CPU.Build.0 = Release|Any CPU
	EndGlobalSection
	GlobalSection(SolutionProperties) = preSolution
		HideSolutionNode = FALSE
	EndGlobalSection
	GlobalSection(NestedProjects) = preSolution
		{0FC76E39-8E39-423E-834F-2BB9845C15EE} = {8622170D-FF1B-41CF-8204-18C5A3A950F9}
		{A8A5BDC7-E11F-40C3-B38C-E3B2C5FB9163} = {8622170D-FF1B-41CF-8204-18C5A3A950F9}
		{1761876C-6868-4399-B7CB-822D55D3FEC1} = {8622170D-FF1B-41CF-8204-18C5A3A950F9}
		{DE6AC04E-2CC9-4C49-BDD2-053ED778AF62} = {0FC76E39-8E39-423E-834F-2BB9845C15EE}
		{37FCFF6B-17D3-48C3-8D0A-C01FDAA214FB} = {0FC76E39-8E39-423E-834F-2BB9845C15EE}
		{DB25FD43-E597-4841-8FC4-6ADEE0F5247C} = {0FC76E39-8E39-423E-834F-2BB9845C15EE}
		{62EB88B1-FBDB-407C-8EA8-73A40876E0F5} = {A8A5BDC7-E11F-40C3-B38C-E3B2C5FB9163}
		{329BECFF-2CBD-4E3A-AEBC-B194AE16068C} = {A8A5BDC7-E11F-40C3-B38C-E3B2C5FB9163}
		{94DF27DF-D929-4864-8FD8-58144913DBB1} = {A8A5BDC7-E11F-40C3-B38C-E3B2C5FB9163}
		{9081DE4B-E848-41FE-A46D-AD43F83E2215} = {207BD121-BC5D-480E-AF97-2DC19BEB091D}
		{AE1B3A35-AFFF-498E-8019-5449F641B6C0} = {9081DE4B-E848-41FE-A46D-AD43F83E2215}
		{1B3F2774-1D0E-4504-A0E2-C173B8721F34} = {1761876C-6868-4399-B7CB-822D55D3FEC1}
		{1A124092-2049-435D-ADC0-69C8067C12CF} = {1761876C-6868-4399-B7CB-822D55D3FEC1}
		{E28A725E-D108-4580-8DB8-C2EBE2AAC2C4} = {9081DE4B-E848-41FE-A46D-AD43F83E2215}
		{2B10DB04-3356-4CD2-A5FD-E204D328A08E} = {207BD121-BC5D-480E-AF97-2DC19BEB091D}
		{CEC0E356-E978-4674-901A-9184F1A91A1C} = {2B10DB04-3356-4CD2-A5FD-E204D328A08E}
		{C26E67CA-2C1B-4BEF-BFDB-2C34CFFB134F} = {8622170D-FF1B-41CF-8204-18C5A3A950F9}
		{6F794030-A09E-4557-9AAB-2D501D8BAC4A} = {C26E67CA-2C1B-4BEF-BFDB-2C34CFFB134F}
		{B2E0CBF0-3555-41E8-B0B6-1D77CE2E96E8} = {C26E67CA-2C1B-4BEF-BFDB-2C34CFFB134F}
		{7347956F-313B-46EB-BB64-E9F3EC9A76F8} = {171A4E06-53AC-475D-9CD4-61225F641935}
		{CE2E85A0-6D98-476B-B1E6-19F627BB4636} = {5146E916-81C8-404C-9F4C-17F164557E59}
		{0FD2B639-BD1E-41EB-A505-F237303FF068} = {5146E916-81C8-404C-9F4C-17F164557E59}
		{5DA4A8C4-4FEB-4804-B69D-E9E6FCC447D9} = {5146E916-81C8-404C-9F4C-17F164557E59}
		{49B60933-7F5A-440F-925A-B766490BC16A} = {0FC76E39-8E39-423E-834F-2BB9845C15EE}
		{57F257F4-330C-42F1-BAC1-40D9C052F69B} = {49B60933-7F5A-440F-925A-B766490BC16A}
		{CED92AE3-7C0E-47DA-8D39-8C565F6741E4} = {C26E67CA-2C1B-4BEF-BFDB-2C34CFFB134F}
		{38382FC0-4B35-439F-B5F8-7A2803DBF2E4} = {CED92AE3-7C0E-47DA-8D39-8C565F6741E4}
		{23DBCB78-A307-4123-97D4-35C972BC069A} = {1761876C-6868-4399-B7CB-822D55D3FEC1}
		{25A2B802-F38A-4828-8D7D-40E459FB79C1} = {23DBCB78-A307-4123-97D4-35C972BC069A}
	EndGlobalSection
	GlobalSection(ExtensibilityGlobals) = postSolution
		SolutionGuid = {A2F8DAD4-1231-46F4-BB34-A7ED3B84C41C}
	EndGlobalSection
EndGlobal
